
Microsoft Visual Studio Solution File, Format Version 12.00
# Visual Studio Version 16
VisualStudioVersion = 16.0.32126.315
MinimumVisualStudioVersion = 10.0.40219.1
Project("{FAE04EC0-301F-11D3-BF4B-00C04F79EFBC}") = "20220316-1", "20220316-1\20220316-1.csproj", "{B1F08D94-BDD6-4767-A935-37535AB993FA}"
EndProject
Global
	GlobalSection(SolutionConfigurationPlatforms) = preSolution
		Debug|Any CPU = Debug|Any CPU
		Release|Any CPU = Release|Any CPU
	EndGlobalSection
	GlobalSection(ProjectConfigurationPlatforms) = postSolution
		{B1F08D94-BDD6-4767-A935-37535AB993FA}.Debug|Any CPU.ActiveCfg = Debug|Any CPU
		{B1F08D94-BDD6-4767-A935-37535AB993FA}.Debug|Any CPU.Build.0 = Debug|Any CPU
		{B1F08D94-BDD6-4767-A935-37535AB993FA}.Release|Any CPU.ActiveCfg = Release|Any CPU
		{B1F08D94-BDD6-4767-A935-37535AB993FA}.Release|Any CPU.Build.0 = Release|Any CPU
	EndGlobalSection
	GlobalSection(SolutionProperties) = preSolution
		HideSolutionNode = FALSE
	EndGlobalSection
	GlobalSection(ExtensibilityGlobals) = postSolution
		SolutionGuid = {F1AD26BD-4DEF-48FA-B9FF-36287AC86374}
	EndGlobalSection
EndGlobal
